
Microsoft Visual Studio Solution File, Format Version 12.00
# Visual Studio Version 17
VisualStudioVersion = 17.3.32922.545
MinimumVisualStudioVersion = 10.0.40219.1
Project("{FAE04EC0-301F-11D3-BF4B-00C04F79EFBC}") = "QrReader1", "QrReader1.csproj", "{8A103283-3D09-4CF2-9AD7-D2A5F79F8146}"
EndProject
Global
	GlobalSection(SolutionConfigurationPlatforms) = preSolution
		Debug|Any CPU = Debug|Any CPU
		Release|Any CPU = Release|Any CPU
	EndGlobalSection
	GlobalSection(ProjectConfigurationPlatforms) = postSolution
		{8A103283-3D09-4CF2-9AD7-D2A5F79F8146}.Debug|Any CPU.ActiveCfg = Debug|Any CPU
		{8A103283-3D09-4CF2-9AD7-D2A5F79F8146}.Debug|Any CPU.Build.0 = Debug|Any CPU
		{8A103283-3D09-4CF2-9AD7-D2A5F79F8146}.Release|Any CPU.ActiveCfg = Release|Any CPU
		{8A103283-3D09-4CF2-9AD7-D2A5F79F8146}.Release|Any CPU.Build.0 = Release|Any CPU
	EndGlobalSection
	GlobalSection(SolutionProperties) = preSolution
		HideSolutionNode = FALSE
	EndGlobalSection
	GlobalSection(ExtensibilityGlobals) = postSolution
		SolutionGuid = {3796F218-4E80-4D17-8F3E-1378766FFC06}
	EndGlobalSection
EndGlobal
